// !$*UTF8*$!
{
	archiveVersion = 1;
	classes = {
	};
	objectVersion = 51;
	objects = {

/* Begin PBXBuildFile section */
		4F0A503377740E2638D7DCDD /* Pods_supota.framework in Frameworks */ = {isa = PBXBuildFile; fileRef = 10064C94813CF9BDBBF33165 /* Pods_supota.framework */; };
		613FAD5C22006BD0004E644E /* AppDelegate.swift in Sources */ = {isa = PBXBuildFile; fileRef = 613FAD5B22006BD0004E644E /* AppDelegate.swift */; };
		613FAD6122006BD0004E644E /* Main.storyboard in Resources */ = {isa = PBXBuildFile; fileRef = 613FAD5F22006BD0004E644E /* Main.storyboard */; };
		613FAD6322006BD3004E644E /* Assets.xcassets in Resources */ = {isa = PBXBuildFile; fileRef = 613FAD6222006BD3004E644E /* Assets.xcassets */; };
		613FAD6622006BD3004E644E /* LaunchScreen.storyboard in Resources */ = {isa = PBXBuildFile; fileRef = 613FAD6422006BD3004E644E /* LaunchScreen.storyboard */; };
		613FAD7122006BD3004E644E /* supotaTests.swift in Sources */ = {isa = PBXBuildFile; fileRef = 613FAD7022006BD3004E644E /* supotaTests.swift */; };
		613FAD7C22006BD3004E644E /* supotaUITests.swift in Sources */ = {isa = PBXBuildFile; fileRef = 613FAD7B22006BD3004E644E /* supotaUITests.swift */; };
		613FAD8C22008019004E644E /* GoogleService-Info.plist in Resources */ = {isa = PBXBuildFile; fileRef = 613FAD8B22008019004E644E /* GoogleService-Info.plist */; };
		6FEA6694A0C7444A78E03D1C /* Pods_supotaTests.framework in Frameworks */ = {isa = PBXBuildFile; fileRef = 3B65049739D299D8FFE9FD89 /* Pods_supotaTests.framework */; };
		B7AFF4432217C37100531256 /* Validator.framework in Frameworks */ = {isa = PBXBuildFile; fileRef = B7AFF43A2217C37000531256 /* Validator.framework */; };
		B7AFF4442217C37100531256 /* Device.framework in Frameworks */ = {isa = PBXBuildFile; fileRef = B7AFF43B2217C37000531256 /* Device.framework */; };
		B7AFF4452217C37100531256 /* RxCocoa.framework in Frameworks */ = {isa = PBXBuildFile; fileRef = B7AFF43C2217C37000531256 /* RxCocoa.framework */; };
		B7AFF4462217C37100531256 /* SnapKit.framework in Frameworks */ = {isa = PBXBuildFile; fileRef = B7AFF43D2217C37100531256 /* SnapKit.framework */; };
		B7AFF4472217C37100531256 /* SwiftyUserDefaults.framework in Frameworks */ = {isa = PBXBuildFile; fileRef = B7AFF43E2217C37100531256 /* SwiftyUserDefaults.framework */; };
		B7AFF4482217C37100531256 /* XLPagerTabStrip.framework in Frameworks */ = {isa = PBXBuildFile; fileRef = B7AFF43F2217C37100531256 /* XLPagerTabStrip.framework */; };
		B7AFF4492217C37100531256 /* Nuke.framework in Frameworks */ = {isa = PBXBuildFile; fileRef = B7AFF4402217C37100531256 /* Nuke.framework */; };
		B7AFF44A2217C37100531256 /* Alamofire.framework in Frameworks */ = {isa = PBXBuildFile; fileRef = B7AFF4412217C37100531256 /* Alamofire.framework */; };
		B7AFF44B2217C37100531256 /* RxSwift.framework in Frameworks */ = {isa = PBXBuildFile; fileRef = B7AFF4422217C37100531256 /* RxSwift.framework */; };
		B7AFF44F2217C3A600531256 /* HomeViewController.swift in Sources */ = {isa = PBXBuildFile; fileRef = B7AFF44E2217C3A600531256 /* HomeViewController.swift */; };
		B7AFF4532217C3BA00531256 /* Home.storyboard in Resources */ = {isa = PBXBuildFile; fileRef = B7AFF4522217C3BA00531256 /* Home.storyboard */; };
		B7AFF4562217C75B00531256 /* UIColorHex.swift in Sources */ = {isa = PBXBuildFile; fileRef = B7AFF4552217C75B00531256 /* UIColorHex.swift */; };
		B7AFF4582217C77100531256 /* UITableViewExtension.swift in Sources */ = {isa = PBXBuildFile; fileRef = B7AFF4572217C77100531256 /* UITableViewExtension.swift */; };
		B7AFF45D2217C82F00531256 /* HomeTableViewCell.swift in Sources */ = {isa = PBXBuildFile; fileRef = B7AFF45C2217C82F00531256 /* HomeTableViewCell.swift */; };
		B7AFF45F2217CB9500531256 /* UIImageView+Nuke.swift in Sources */ = {isa = PBXBuildFile; fileRef = B7AFF45E2217CB9500531256 /* UIImageView+Nuke.swift */; };
		B7AFF4612217CCAD00531256 /* TabBar.storyboard in Resources */ = {isa = PBXBuildFile; fileRef = B7AFF4602217CCAD00531256 /* TabBar.storyboard */; };
		B7AFF4652217D98F00531256 /* User.storyboard in Resources */ = {isa = PBXBuildFile; fileRef = B7AFF4642217D98F00531256 /* User.storyboard */; };
		B7AFF4672217D99A00531256 /* UserViewController.swift in Sources */ = {isa = PBXBuildFile; fileRef = B7AFF4662217D99A00531256 /* UserViewController.swift */; };
		D823F64A3D5D3F1A39C37610 /* Pods_supotaUITests.framework in Frameworks */ = {isa = PBXBuildFile; fileRef = 3A317BD546BDDC75619A8722 /* Pods_supotaUITests.framework */; };
/* End PBXBuildFile section */

/* Begin PBXContainerItemProxy section */
		613FAD6D22006BD3004E644E /* PBXContainerItemProxy */ = {
			isa = PBXContainerItemProxy;
			containerPortal = 613FAD5022006BD0004E644E /* Project object */;
			proxyType = 1;
			remoteGlobalIDString = 613FAD5722006BD0004E644E;
			remoteInfo = supota;
		};
		613FAD7822006BD3004E644E /* PBXContainerItemProxy */ = {
			isa = PBXContainerItemProxy;
			containerPortal = 613FAD5022006BD0004E644E /* Project object */;
			proxyType = 1;
			remoteGlobalIDString = 613FAD5722006BD0004E644E;
			remoteInfo = supota;
		};
/* End PBXContainerItemProxy section */

/* Begin PBXFileReference section */
		10064C94813CF9BDBBF33165 /* Pods_supota.framework */ = {isa = PBXFileReference; explicitFileType = wrapper.framework; includeInIndex = 0; path = Pods_supota.framework; sourceTree = BUILT_PRODUCTS_DIR; };
		3A317BD546BDDC75619A8722 /* Pods_supotaUITests.framework */ = {isa = PBXFileReference; explicitFileType = wrapper.framework; includeInIndex = 0; path = Pods_supotaUITests.framework; sourceTree = BUILT_PRODUCTS_DIR; };
		3B65049739D299D8FFE9FD89 /* Pods_supotaTests.framework */ = {isa = PBXFileReference; explicitFileType = wrapper.framework; includeInIndex = 0; path = Pods_supotaTests.framework; sourceTree = BUILT_PRODUCTS_DIR; };
		40DCB29AC692D9DAB52CBCFB /* Pods-supota.debug.xcconfig */ = {isa = PBXFileReference; includeInIndex = 1; lastKnownFileType = text.xcconfig; name = "Pods-supota.debug.xcconfig"; path = "Pods/Target Support Files/Pods-supota/Pods-supota.debug.xcconfig"; sourceTree = "<group>"; };
		613FAD5822006BD0004E644E /* supota.app */ = {isa = PBXFileReference; explicitFileType = wrapper.application; includeInIndex = 0; path = supota.app; sourceTree = BUILT_PRODUCTS_DIR; };
		613FAD5B22006BD0004E644E /* AppDelegate.swift */ = {isa = PBXFileReference; lastKnownFileType = sourcecode.swift; path = AppDelegate.swift; sourceTree = "<group>"; };
		613FAD6022006BD0004E644E /* Base */ = {isa = PBXFileReference; lastKnownFileType = file.storyboard; name = Base; path = Base.lproj/Main.storyboard; sourceTree = "<group>"; };
		613FAD6222006BD3004E644E /* Assets.xcassets */ = {isa = PBXFileReference; lastKnownFileType = folder.assetcatalog; path = Assets.xcassets; sourceTree = "<group>"; };
		613FAD6522006BD3004E644E /* Base */ = {isa = PBXFileReference; lastKnownFileType = file.storyboard; name = Base; path = Base.lproj/LaunchScreen.storyboard; sourceTree = "<group>"; };
		613FAD6722006BD3004E644E /* Info.plist */ = {isa = PBXFileReference; lastKnownFileType = text.plist.xml; path = Info.plist; sourceTree = "<group>"; };
		613FAD6C22006BD3004E644E /* supotaTests.xctest */ = {isa = PBXFileReference; explicitFileType = wrapper.cfbundle; includeInIndex = 0; path = supotaTests.xctest; sourceTree = BUILT_PRODUCTS_DIR; };
		613FAD7022006BD3004E644E /* supotaTests.swift */ = {isa = PBXFileReference; lastKnownFileType = sourcecode.swift; path = supotaTests.swift; sourceTree = "<group>"; };
		613FAD7222006BD3004E644E /* Info.plist */ = {isa = PBXFileReference; lastKnownFileType = text.plist.xml; path = Info.plist; sourceTree = "<group>"; };
		613FAD7722006BD3004E644E /* supotaUITests.xctest */ = {isa = PBXFileReference; explicitFileType = wrapper.cfbundle; includeInIndex = 0; path = supotaUITests.xctest; sourceTree = BUILT_PRODUCTS_DIR; };
		613FAD7B22006BD3004E644E /* supotaUITests.swift */ = {isa = PBXFileReference; lastKnownFileType = sourcecode.swift; path = supotaUITests.swift; sourceTree = "<group>"; };
		613FAD7D22006BD3004E644E /* Info.plist */ = {isa = PBXFileReference; lastKnownFileType = text.plist.xml; path = Info.plist; sourceTree = "<group>"; };
		613FAD8B22008019004E644E /* GoogleService-Info.plist */ = {isa = PBXFileReference; fileEncoding = 4; lastKnownFileType = text.plist.xml; path = "GoogleService-Info.plist"; sourceTree = "<group>"; };
		6370DCBAD7B289099F595B7C /* Pods-supotaTests.debug.xcconfig */ = {isa = PBXFileReference; includeInIndex = 1; lastKnownFileType = text.xcconfig; name = "Pods-supotaTests.debug.xcconfig"; path = "Pods/Target Support Files/Pods-supotaTests/Pods-supotaTests.debug.xcconfig"; sourceTree = "<group>"; };
		A1B49037E3023E6EE0106D68 /* Pods-supota.release.xcconfig */ = {isa = PBXFileReference; includeInIndex = 1; lastKnownFileType = text.xcconfig; name = "Pods-supota.release.xcconfig"; path = "Pods/Target Support Files/Pods-supota/Pods-supota.release.xcconfig"; sourceTree = "<group>"; };
		A52A711B9A2A4DB7EBC893F7 /* Pods-supotaUITests.debug.xcconfig */ = {isa = PBXFileReference; includeInIndex = 1; lastKnownFileType = text.xcconfig; name = "Pods-supotaUITests.debug.xcconfig"; path = "Pods/Target Support Files/Pods-supotaUITests/Pods-supotaUITests.debug.xcconfig"; sourceTree = "<group>"; };
		B7AFF43A2217C37000531256 /* Validator.framework */ = {isa = PBXFileReference; lastKnownFileType = wrapper.framework; name = Validator.framework; path = Carthage/Build/iOS/Validator.framework; sourceTree = "<group>"; };
		B7AFF43B2217C37000531256 /* Device.framework */ = {isa = PBXFileReference; lastKnownFileType = wrapper.framework; name = Device.framework; path = Carthage/Build/iOS/Device.framework; sourceTree = "<group>"; };
		B7AFF43C2217C37000531256 /* RxCocoa.framework */ = {isa = PBXFileReference; lastKnownFileType = wrapper.framework; name = RxCocoa.framework; path = Carthage/Build/iOS/RxCocoa.framework; sourceTree = "<group>"; };
		B7AFF43D2217C37100531256 /* SnapKit.framework */ = {isa = PBXFileReference; lastKnownFileType = wrapper.framework; name = SnapKit.framework; path = Carthage/Build/iOS/SnapKit.framework; sourceTree = "<group>"; };
		B7AFF43E2217C37100531256 /* SwiftyUserDefaults.framework */ = {isa = PBXFileReference; lastKnownFileType = wrapper.framework; name = SwiftyUserDefaults.framework; path = Carthage/Build/iOS/SwiftyUserDefaults.framework; sourceTree = "<group>"; };
		B7AFF43F2217C37100531256 /* XLPagerTabStrip.framework */ = {isa = PBXFileReference; lastKnownFileType = wrapper.framework; name = XLPagerTabStrip.framework; path = Carthage/Build/iOS/XLPagerTabStrip.framework; sourceTree = "<group>"; };
		B7AFF4402217C37100531256 /* Nuke.framework */ = {isa = PBXFileReference; lastKnownFileType = wrapper.framework; name = Nuke.framework; path = Carthage/Build/iOS/Nuke.framework; sourceTree = "<group>"; };
		B7AFF4412217C37100531256 /* Alamofire.framework */ = {isa = PBXFileReference; lastKnownFileType = wrapper.framework; name = Alamofire.framework; path = Carthage/Build/iOS/Alamofire.framework; sourceTree = "<group>"; };
		B7AFF4422217C37100531256 /* RxSwift.framework */ = {isa = PBXFileReference; lastKnownFileType = wrapper.framework; name = RxSwift.framework; path = Carthage/Build/iOS/RxSwift.framework; sourceTree = "<group>"; };
		B7AFF44E2217C3A600531256 /* HomeViewController.swift */ = {isa = PBXFileReference; lastKnownFileType = sourcecode.swift; path = HomeViewController.swift; sourceTree = "<group>"; };
		B7AFF4522217C3BA00531256 /* Home.storyboard */ = {isa = PBXFileReference; lastKnownFileType = file.storyboard; path = Home.storyboard; sourceTree = "<group>"; };
		B7AFF4552217C75B00531256 /* UIColorHex.swift */ = {isa = PBXFileReference; lastKnownFileType = sourcecode.swift; path = UIColorHex.swift; sourceTree = "<group>"; };
		B7AFF4572217C77100531256 /* UITableViewExtension.swift */ = {isa = PBXFileReference; lastKnownFileType = sourcecode.swift; path = UITableViewExtension.swift; sourceTree = "<group>"; };
		B7AFF45C2217C82F00531256 /* HomeTableViewCell.swift */ = {isa = PBXFileReference; lastKnownFileType = sourcecode.swift; path = HomeTableViewCell.swift; sourceTree = "<group>"; };
		B7AFF45E2217CB9500531256 /* UIImageView+Nuke.swift */ = {isa = PBXFileReference; lastKnownFileType = sourcecode.swift; path = "UIImageView+Nuke.swift"; sourceTree = "<group>"; };
		B7AFF4602217CCAD00531256 /* TabBar.storyboard */ = {isa = PBXFileReference; lastKnownFileType = file.storyboard; path = TabBar.storyboard; sourceTree = "<group>"; };
		B7AFF4642217D98F00531256 /* User.storyboard */ = {isa = PBXFileReference; lastKnownFileType = file.storyboard; path = User.storyboard; sourceTree = "<group>"; };
		B7AFF4662217D99A00531256 /* UserViewController.swift */ = {isa = PBXFileReference; lastKnownFileType = sourcecode.swift; path = UserViewController.swift; sourceTree = "<group>"; };
		D4E8A973F4E4B2AC33049A16 /* Pods-supotaUITests.release.xcconfig */ = {isa = PBXFileReference; includeInIndex = 1; lastKnownFileType = text.xcconfig; name = "Pods-supotaUITests.release.xcconfig"; path = "Pods/Target Support Files/Pods-supotaUITests/Pods-supotaUITests.release.xcconfig"; sourceTree = "<group>"; };
		E99FA008561C5033F31D1F64 /* Pods-supotaTests.release.xcconfig */ = {isa = PBXFileReference; includeInIndex = 1; lastKnownFileType = text.xcconfig; name = "Pods-supotaTests.release.xcconfig"; path = "Pods/Target Support Files/Pods-supotaTests/Pods-supotaTests.release.xcconfig"; sourceTree = "<group>"; };
/* End PBXFileReference section */

/* Begin PBXFrameworksBuildPhase section */
		613FAD5522006BD0004E644E /* Frameworks */ = {
			isa = PBXFrameworksBuildPhase;
			buildActionMask = 2147483647;
			files = (
				B7AFF4432217C37100531256 /* Validator.framework in Frameworks */,
				B7AFF4442217C37100531256 /* Device.framework in Frameworks */,
				B7AFF4452217C37100531256 /* RxCocoa.framework in Frameworks */,
				B7AFF4462217C37100531256 /* SnapKit.framework in Frameworks */,
				B7AFF4472217C37100531256 /* SwiftyUserDefaults.framework in Frameworks */,
				B7AFF4482217C37100531256 /* XLPagerTabStrip.framework in Frameworks */,
				B7AFF4492217C37100531256 /* Nuke.framework in Frameworks */,
				B7AFF44A2217C37100531256 /* Alamofire.framework in Frameworks */,
				B7AFF44B2217C37100531256 /* RxSwift.framework in Frameworks */,
				4F0A503377740E2638D7DCDD /* Pods_supota.framework in Frameworks */,
			);
			runOnlyForDeploymentPostprocessing = 0;
		};
		613FAD6922006BD3004E644E /* Frameworks */ = {
			isa = PBXFrameworksBuildPhase;
			buildActionMask = 2147483647;
			files = (
				6FEA6694A0C7444A78E03D1C /* Pods_supotaTests.framework in Frameworks */,
			);
			runOnlyForDeploymentPostprocessing = 0;
		};
		613FAD7422006BD3004E644E /* Frameworks */ = {
			isa = PBXFrameworksBuildPhase;
			buildActionMask = 2147483647;
			files = (
				D823F64A3D5D3F1A39C37610 /* Pods_supotaUITests.framework in Frameworks */,
			);
			runOnlyForDeploymentPostprocessing = 0;
		};
/* End PBXFrameworksBuildPhase section */

/* Begin PBXGroup section */
		3FC62CB37F7B4F8ED984E42E /* Frameworks */ = {
			isa = PBXGroup;
			children = (
				B7AFF4412217C37100531256 /* Alamofire.framework */,
				B7AFF43B2217C37000531256 /* Device.framework */,
				B7AFF4402217C37100531256 /* Nuke.framework */,
				B7AFF43C2217C37000531256 /* RxCocoa.framework */,
				B7AFF4422217C37100531256 /* RxSwift.framework */,
				B7AFF43D2217C37100531256 /* SnapKit.framework */,
				B7AFF43E2217C37100531256 /* SwiftyUserDefaults.framework */,
				B7AFF43A2217C37000531256 /* Validator.framework */,
				B7AFF43F2217C37100531256 /* XLPagerTabStrip.framework */,
				10064C94813CF9BDBBF33165 /* Pods_supota.framework */,
				3B65049739D299D8FFE9FD89 /* Pods_supotaTests.framework */,
				3A317BD546BDDC75619A8722 /* Pods_supotaUITests.framework */,
			);
			name = Frameworks;
			sourceTree = "<group>";
		};
		613FAD4F22006BD0004E644E = {
			isa = PBXGroup;
			children = (
				3FC62CB37F7B4F8ED984E42E /* Frameworks */,
				892FED750A9A2CB3F0D621FF /* Pods */,
				613FAD5922006BD0004E644E /* Products */,
				613FAD5A22006BD0004E644E /* supota */,
				613FAD6F22006BD3004E644E /* supotaTests */,
				613FAD7A22006BD3004E644E /* supotaUITests */,
			);
			sourceTree = "<group>";
		};
		613FAD5922006BD0004E644E /* Products */ = {
			isa = PBXGroup;
			children = (
				613FAD5822006BD0004E644E /* supota.app */,
				613FAD6C22006BD3004E644E /* supotaTests.xctest */,
				613FAD7722006BD3004E644E /* supotaUITests.xctest */,
			);
			name = Products;
			sourceTree = "<group>";
		};
		613FAD5A22006BD0004E644E /* supota */ = {
			isa = PBXGroup;
			children = (
				B7AFF4542217C75100531256 /* Extension */,
				B7AFF4502217C3AE00531256 /* Storyboard */,
				B7AFF44C2217C39700531256 /* View */,
				613FAD5B22006BD0004E644E /* AppDelegate.swift */,
				613FAD6222006BD3004E644E /* Assets.xcassets */,
				613FAD8B22008019004E644E /* GoogleService-Info.plist */,
				613FAD6722006BD3004E644E /* Info.plist */,
				613FAD6422006BD3004E644E /* LaunchScreen.storyboard */,
				613FAD5F22006BD0004E644E /* Main.storyboard */,
			);
			path = supota;
			sourceTree = "<group>";
		};
		613FAD6F22006BD3004E644E /* supotaTests */ = {
			isa = PBXGroup;
			children = (
				613FAD7222006BD3004E644E /* Info.plist */,
				613FAD7022006BD3004E644E /* supotaTests.swift */,
			);
			path = supotaTests;
			sourceTree = "<group>";
		};
		613FAD7A22006BD3004E644E /* supotaUITests */ = {
			isa = PBXGroup;
			children = (
				613FAD7D22006BD3004E644E /* Info.plist */,
				613FAD7B22006BD3004E644E /* supotaUITests.swift */,
			);
			path = supotaUITests;
			sourceTree = "<group>";
		};
		892FED750A9A2CB3F0D621FF /* Pods */ = {
			isa = PBXGroup;
			children = (
				40DCB29AC692D9DAB52CBCFB /* Pods-supota.debug.xcconfig */,
				A1B49037E3023E6EE0106D68 /* Pods-supota.release.xcconfig */,
				6370DCBAD7B289099F595B7C /* Pods-supotaTests.debug.xcconfig */,
				E99FA008561C5033F31D1F64 /* Pods-supotaTests.release.xcconfig */,
				A52A711B9A2A4DB7EBC893F7 /* Pods-supotaUITests.debug.xcconfig */,
				D4E8A973F4E4B2AC33049A16 /* Pods-supotaUITests.release.xcconfig */,
			);
			name = Pods;
			sourceTree = "<group>";
		};
		B7AFF44C2217C39700531256 /* View */ = {
			isa = PBXGroup;
			children = (
				B7AFF4622217D98400531256 /* User */,
				B7AFF44D2217C39E00531256 /* Home */,
			);
			path = View;
			sourceTree = "<group>";
		};
		B7AFF44D2217C39E00531256 /* Home */ = {
			isa = PBXGroup;
			children = (
				B7AFF45B2217C82300531256 /* Cell */,
				B7AFF44E2217C3A600531256 /* HomeViewController.swift */,
			);
			path = Home;
			sourceTree = "<group>";
		};
		B7AFF4502217C3AE00531256 /* Storyboard */ = {
			isa = PBXGroup;
			children = (
				B7AFF4632217D98A00531256 /* User */,
				B7AFF4512217C3B400531256 /* Home */,
				B7AFF4602217CCAD00531256 /* TabBar.storyboard */,
			);
			path = Storyboard;
			sourceTree = "<group>";
		};
		B7AFF4512217C3B400531256 /* Home */ = {
			isa = PBXGroup;
			children = (
				B7AFF4522217C3BA00531256 /* Home.storyboard */,
			);
			path = Home;
			sourceTree = "<group>";
		};
		B7AFF4542217C75100531256 /* Extension */ = {
			isa = PBXGroup;
			children = (
				B7AFF4552217C75B00531256 /* UIColorHex.swift */,
				B7AFF4572217C77100531256 /* UITableViewExtension.swift */,
				B7AFF45E2217CB9500531256 /* UIImageView+Nuke.swift */,
			);
			path = Extension;
			sourceTree = "<group>";
		};
		B7AFF45B2217C82300531256 /* Cell */ = {
			isa = PBXGroup;
			children = (
				B7AFF45C2217C82F00531256 /* HomeTableViewCell.swift */,
			);
			name = Cell;
			sourceTree = "<group>";
		};
		B7AFF4622217D98400531256 /* User */ = {
			isa = PBXGroup;
			children = (
				B7AFF4662217D99A00531256 /* UserViewController.swift */,
			);
			name = User;
			sourceTree = "<group>";
		};
		B7AFF4632217D98A00531256 /* User */ = {
			isa = PBXGroup;
			children = (
				B7AFF4642217D98F00531256 /* User.storyboard */,
			);
			name = User;
			sourceTree = "<group>";
		};
/* End PBXGroup section */

/* Begin PBXNativeTarget section */
		613FAD5722006BD0004E644E /* supota */ = {
			isa = PBXNativeTarget;
			buildConfigurationList = 613FAD8022006BD3004E644E /* Build configuration list for PBXNativeTarget "supota" */;
			buildPhases = (
				CDD0ECD027BC5924A50A3944 /* [CP] Check Pods Manifest.lock */,
				613FAD5422006BD0004E644E /* Sources */,
				613FAD5522006BD0004E644E /* Frameworks */,
				613FAD5622006BD0004E644E /* Resources */,
				CADB2D2F4BF1D6DC843F0D36 /* [CP] Embed Pods Frameworks */,
				B7AFF4392217C2EF00531256 /* Carthage */,
			);
			buildRules = (
			);
			dependencies = (
			);
			name = supota;
			productName = supota;
			productReference = 613FAD5822006BD0004E644E /* supota.app */;
			productType = "com.apple.product-type.application";
		};
		613FAD6B22006BD3004E644E /* supotaTests */ = {
			isa = PBXNativeTarget;
			buildConfigurationList = 613FAD8322006BD3004E644E /* Build configuration list for PBXNativeTarget "supotaTests" */;
			buildPhases = (
				BF7FF993758871D0442D1384 /* [CP] Check Pods Manifest.lock */,
				613FAD6822006BD3004E644E /* Sources */,
				613FAD6922006BD3004E644E /* Frameworks */,
				613FAD6A22006BD3004E644E /* Resources */,
			);
			buildRules = (
			);
			dependencies = (
				613FAD6E22006BD3004E644E /* PBXTargetDependency */,
			);
			name = supotaTests;
			productName = supotaTests;
			productReference = 613FAD6C22006BD3004E644E /* supotaTests.xctest */;
			productType = "com.apple.product-type.bundle.unit-test";
		};
		613FAD7622006BD3004E644E /* supotaUITests */ = {
			isa = PBXNativeTarget;
			buildConfigurationList = 613FAD8622006BD3004E644E /* Build configuration list for PBXNativeTarget "supotaUITests" */;
			buildPhases = (
				C76C3D90B14BAEB9B31C4297 /* [CP] Check Pods Manifest.lock */,
				613FAD7322006BD3004E644E /* Sources */,
				613FAD7422006BD3004E644E /* Frameworks */,
				613FAD7522006BD3004E644E /* Resources */,
			);
			buildRules = (
			);
			dependencies = (
				613FAD7922006BD3004E644E /* PBXTargetDependency */,
			);
			name = supotaUITests;
			productName = supotaUITests;
			productReference = 613FAD7722006BD3004E644E /* supotaUITests.xctest */;
			productType = "com.apple.product-type.bundle.ui-testing";
		};
/* End PBXNativeTarget section */

/* Begin PBXProject section */
		613FAD5022006BD0004E644E /* Project object */ = {
			isa = PBXProject;
			attributes = {
				LastSwiftUpdateCheck = 0940;
				LastUpgradeCheck = 0940;
				ORGANIZATIONNAME = "柳川優稀";
				TargetAttributes = {
					613FAD5722006BD0004E644E = {
						CreatedOnToolsVersion = 9.4.1;
					};
					613FAD6B22006BD3004E644E = {
						CreatedOnToolsVersion = 9.4.1;
						TestTargetID = 613FAD5722006BD0004E644E;
					};
					613FAD7622006BD3004E644E = {
						CreatedOnToolsVersion = 9.4.1;
						TestTargetID = 613FAD5722006BD0004E644E;
					};
				};
			};
			buildConfigurationList = 613FAD5322006BD0004E644E /* Build configuration list for PBXProject "supota" */;
			compatibilityVersion = "Xcode 10.0";
			developmentRegion = en;
			hasScannedForEncodings = 0;
			knownRegions = (
				en,
				Base,
			);
			mainGroup = 613FAD4F22006BD0004E644E;
			productRefGroup = 613FAD5922006BD0004E644E /* Products */;
			projectDirPath = "";
			projectRoot = "";
			targets = (
				613FAD5722006BD0004E644E /* supota */,
				613FAD6B22006BD3004E644E /* supotaTests */,
				613FAD7622006BD3004E644E /* supotaUITests */,
			);
		};
/* End PBXProject section */

/* Begin PBXResourcesBuildPhase section */
		613FAD5622006BD0004E644E /* Resources */ = {
			isa = PBXResourcesBuildPhase;
			buildActionMask = 2147483647;
			files = (
				613FAD6622006BD3004E644E /* LaunchScreen.storyboard in Resources */,
				B7AFF4532217C3BA00531256 /* Home.storyboard in Resources */,
				613FAD8C22008019004E644E /* GoogleService-Info.plist in Resources */,
				613FAD6322006BD3004E644E /* Assets.xcassets in Resources */,
				B7AFF4612217CCAD00531256 /* TabBar.storyboard in Resources */,
				B7AFF4652217D98F00531256 /* User.storyboard in Resources */,
				613FAD6122006BD0004E644E /* Main.storyboard in Resources */,
			);
			runOnlyForDeploymentPostprocessing = 0;
		};
		613FAD6A22006BD3004E644E /* Resources */ = {
			isa = PBXResourcesBuildPhase;
			buildActionMask = 2147483647;
			files = (
			);
			runOnlyForDeploymentPostprocessing = 0;
		};
		613FAD7522006BD3004E644E /* Resources */ = {
			isa = PBXResourcesBuildPhase;
			buildActionMask = 2147483647;
			files = (
			);
			runOnlyForDeploymentPostprocessing = 0;
		};
/* End PBXResourcesBuildPhase section */

/* Begin PBXShellScriptBuildPhase section */
		B7AFF4392217C2EF00531256 /* Carthage */ = {
			isa = PBXShellScriptBuildPhase;
			buildActionMask = 2147483647;
			files = (
			);
			inputFileListPaths = (
			);
			inputPaths = (
				"$(SRCROOT)/Carthage/Build/iOS/Alamofire.framework",
				"$(SRCROOT)/Carthage/Build/iOS/RxSwift.framework",
				"$(SRCROOT)/Carthage/Build/iOS/Device.framework",
				"$(SRCROOT)/Carthage/Build/iOS/Nuke.framework",
				"$(SRCROOT)/Carthage/Build/iOS/RxCocoa.framework",
				"$(SRCROOT)/Carthage/Build/iOS/SnapKit.framework",
				"$(SRCROOT)/Carthage/Build/iOS/SwiftyUserDefaults.framework",
				"$(SRCROOT)/Carthage/Build/iOS/Validator.framework",
				"$(SRCROOT)/Carthage/Build/iOS/XLPagerTabStrip.framework",
			);
			name = Carthage;
			outputFileListPaths = (
			);
			outputPaths = (
			);
			runOnlyForDeploymentPostprocessing = 0;
			shellPath = /bin/sh;
			shellScript = "/usr/local/bin/carthage copy-frameworks\n";
		};
		BF7FF993758871D0442D1384 /* [CP] Check Pods Manifest.lock */ = {
			isa = PBXShellScriptBuildPhase;
			buildActionMask = 2147483647;
			files = (
			);
			inputPaths = (
				"${PODS_PODFILE_DIR_PATH}/Podfile.lock",
				"${PODS_ROOT}/Manifest.lock",
			);
			name = "[CP] Check Pods Manifest.lock";
			outputPaths = (
				"$(DERIVED_FILE_DIR)/Pods-supotaTests-checkManifestLockResult.txt",
			);
			runOnlyForDeploymentPostprocessing = 0;
			shellPath = /bin/sh;
			shellScript = "diff \"${PODS_PODFILE_DIR_PATH}/Podfile.lock\" \"${PODS_ROOT}/Manifest.lock\" > /dev/null\nif [ $? != 0 ] ; then\n    # print error to STDERR\n    echo \"error: The sandbox is not in sync with the Podfile.lock. Run 'pod install' or update your CocoaPods installation.\" >&2\n    exit 1\nfi\n# This output is used by Xcode 'outputs' to avoid re-running this script phase.\necho \"SUCCESS\" > \"${SCRIPT_OUTPUT_FILE_0}\"\n";
			showEnvVarsInLog = 0;
		};
		C76C3D90B14BAEB9B31C4297 /* [CP] Check Pods Manifest.lock */ = {
			isa = PBXShellScriptBuildPhase;
			buildActionMask = 2147483647;
			files = (
			);
			inputPaths = (
				"${PODS_PODFILE_DIR_PATH}/Podfile.lock",
				"${PODS_ROOT}/Manifest.lock",
			);
			name = "[CP] Check Pods Manifest.lock";
			outputPaths = (
				"$(DERIVED_FILE_DIR)/Pods-supotaUITests-checkManifestLockResult.txt",
			);
			runOnlyForDeploymentPostprocessing = 0;
			shellPath = /bin/sh;
			shellScript = "diff \"${PODS_PODFILE_DIR_PATH}/Podfile.lock\" \"${PODS_ROOT}/Manifest.lock\" > /dev/null\nif [ $? != 0 ] ; then\n    # print error to STDERR\n    echo \"error: The sandbox is not in sync with the Podfile.lock. Run 'pod install' or update your CocoaPods installation.\" >&2\n    exit 1\nfi\n# This output is used by Xcode 'outputs' to avoid re-running this script phase.\necho \"SUCCESS\" > \"${SCRIPT_OUTPUT_FILE_0}\"\n";
			showEnvVarsInLog = 0;
		};
		CADB2D2F4BF1D6DC843F0D36 /* [CP] Embed Pods Frameworks */ = {
			isa = PBXShellScriptBuildPhase;
			buildActionMask = 2147483647;
			files = (
			);
			inputPaths = (
				"${SRCROOT}/Pods/Target Support Files/Pods-supota/Pods-supota-frameworks.sh",
				"${BUILT_PRODUCTS_DIR}/GTMSessionFetcher/GTMSessionFetcher.framework",
				"${BUILT_PRODUCTS_DIR}/GoogleUtilities/GoogleUtilities.framework",
				"${BUILT_PRODUCTS_DIR}/leveldb-library/leveldb.framework",
				"${BUILT_PRODUCTS_DIR}/nanopb/nanopb.framework",
			);
			name = "[CP] Embed Pods Frameworks";
			outputPaths = (
				"${TARGET_BUILD_DIR}/${FRAMEWORKS_FOLDER_PATH}/GTMSessionFetcher.framework",
				"${TARGET_BUILD_DIR}/${FRAMEWORKS_FOLDER_PATH}/GoogleUtilities.framework",
				"${TARGET_BUILD_DIR}/${FRAMEWORKS_FOLDER_PATH}/leveldb.framework",
				"${TARGET_BUILD_DIR}/${FRAMEWORKS_FOLDER_PATH}/nanopb.framework",
			);
			runOnlyForDeploymentPostprocessing = 0;
			shellPath = /bin/sh;
			shellScript = "\"${SRCROOT}/Pods/Target Support Files/Pods-supota/Pods-supota-frameworks.sh\"\n";
			showEnvVarsInLog = 0;
		};
		CDD0ECD027BC5924A50A3944 /* [CP] Check Pods Manifest.lock */ = {
			isa = PBXShellScriptBuildPhase;
			buildActionMask = 2147483647;
			files = (
			);
			inputPaths = (
				"${PODS_PODFILE_DIR_PATH}/Podfile.lock",
				"${PODS_ROOT}/Manifest.lock",
			);
			name = "[CP] Check Pods Manifest.lock";
			outputPaths = (
				"$(DERIVED_FILE_DIR)/Pods-supota-checkManifestLockResult.txt",
			);
			runOnlyForDeploymentPostprocessing = 0;
			shellPath = /bin/sh;
			shellScript = "diff \"${PODS_PODFILE_DIR_PATH}/Podfile.lock\" \"${PODS_ROOT}/Manifest.lock\" > /dev/null\nif [ $? != 0 ] ; then\n    # print error to STDERR\n    echo \"error: The sandbox is not in sync with the Podfile.lock. Run 'pod install' or update your CocoaPods installation.\" >&2\n    exit 1\nfi\n# This output is used by Xcode 'outputs' to avoid re-running this script phase.\necho \"SUCCESS\" > \"${SCRIPT_OUTPUT_FILE_0}\"\n";
			showEnvVarsInLog = 0;
		};
/* End PBXShellScriptBuildPhase section */

/* Begin PBXSourcesBuildPhase section */
		613FAD5422006BD0004E644E /* Sources */ = {
			isa = PBXSourcesBuildPhase;
			buildActionMask = 2147483647;
			files = (
				B7AFF4672217D99A00531256 /* UserViewController.swift in Sources */,
				B7AFF4562217C75B00531256 /* UIColorHex.swift in Sources */,
				B7AFF45D2217C82F00531256 /* HomeTableViewCell.swift in Sources */,
				613FAD5C22006BD0004E644E /* AppDelegate.swift in Sources */,
				B7AFF44F2217C3A600531256 /* HomeViewController.swift in Sources */,
				B7AFF4582217C77100531256 /* UITableViewExtension.swift in Sources */,
				B7AFF45F2217CB9500531256 /* UIImageView+Nuke.swift in Sources */,
			);
			runOnlyForDeploymentPostprocessing = 0;
		};
		613FAD6822006BD3004E644E /* Sources */ = {
			isa = PBXSourcesBuildPhase;
			buildActionMask = 2147483647;
			files = (
				613FAD7122006BD3004E644E /* supotaTests.swift in Sources */,
			);
			runOnlyForDeploymentPostprocessing = 0;
		};
		613FAD7322006BD3004E644E /* Sources */ = {
			isa = PBXSourcesBuildPhase;
			buildActionMask = 2147483647;
			files = (
				613FAD7C22006BD3004E644E /* supotaUITests.swift in Sources */,
			);
			runOnlyForDeploymentPostprocessing = 0;
		};
/* End PBXSourcesBuildPhase section */

/* Begin PBXTargetDependency section */
		613FAD6E22006BD3004E644E /* PBXTargetDependency */ = {
			isa = PBXTargetDependency;
			target = 613FAD5722006BD0004E644E /* supota */;
			targetProxy = 613FAD6D22006BD3004E644E /* PBXContainerItemProxy */;
		};
		613FAD7922006BD3004E644E /* PBXTargetDependency */ = {
			isa = PBXTargetDependency;
			target = 613FAD5722006BD0004E644E /* supota */;
			targetProxy = 613FAD7822006BD3004E644E /* PBXContainerItemProxy */;
		};
/* End PBXTargetDependency section */

/* Begin PBXVariantGroup section */
		613FAD5F22006BD0004E644E /* Main.storyboard */ = {
			isa = PBXVariantGroup;
			children = (
				613FAD6022006BD0004E644E /* Base */,
			);
			name = Main.storyboard;
			path = .;
			sourceTree = "<group>";
		};
		613FAD6422006BD3004E644E /* LaunchScreen.storyboard */ = {
			isa = PBXVariantGroup;
			children = (
				613FAD6522006BD3004E644E /* Base */,
			);
			name = LaunchScreen.storyboard;
			path = .;
			sourceTree = "<group>";
		};
/* End PBXVariantGroup section */

/* Begin XCBuildConfiguration section */
		613FAD7E22006BD3004E644E /* Debug */ = {
			isa = XCBuildConfiguration;
			buildSettings = {
				ALWAYS_SEARCH_USER_PATHS = NO;
				CLANG_ANALYZER_NONNULL = YES;
				CLANG_ANALYZER_NUMBER_OBJECT_CONVERSION = YES_AGGRESSIVE;
				CLANG_CXX_LANGUAGE_STANDARD = "gnu++14";
				CLANG_CXX_LIBRARY = "libc++";
				CLANG_ENABLE_MODULES = YES;
				CLANG_ENABLE_OBJC_ARC = YES;
				CLANG_ENABLE_OBJC_WEAK = YES;
				CLANG_WARN_BLOCK_CAPTURE_AUTORELEASING = YES;
				CLANG_WARN_BOOL_CONVERSION = YES;
				CLANG_WARN_COMMA = YES;
				CLANG_WARN_CONSTANT_CONVERSION = YES;
				CLANG_WARN_DEPRECATED_OBJC_IMPLEMENTATIONS = YES;
				CLANG_WARN_DIRECT_OBJC_ISA_USAGE = YES_ERROR;
				CLANG_WARN_DOCUMENTATION_COMMENTS = YES;
				CLANG_WARN_EMPTY_BODY = YES;
				CLANG_WARN_ENUM_CONVERSION = YES;
				CLANG_WARN_INFINITE_RECURSION = YES;
				CLANG_WARN_INT_CONVERSION = YES;
				CLANG_WARN_NON_LITERAL_NULL_CONVERSION = YES;
				CLANG_WARN_OBJC_IMPLICIT_RETAIN_SELF = YES;
				CLANG_WARN_OBJC_LITERAL_CONVERSION = YES;
				CLANG_WARN_OBJC_ROOT_CLASS = YES_ERROR;
				CLANG_WARN_RANGE_LOOP_ANALYSIS = YES;
				CLANG_WARN_STRICT_PROTOTYPES = YES;
				CLANG_WARN_SUSPICIOUS_MOVE = YES;
				CLANG_WARN_UNGUARDED_AVAILABILITY = YES_AGGRESSIVE;
				CLANG_WARN_UNREACHABLE_CODE = YES;
				CLANG_WARN__DUPLICATE_METHOD_MATCH = YES;
				CODE_SIGN_IDENTITY = "iPhone Developer";
				COPY_PHASE_STRIP = NO;
				DEBUG_INFORMATION_FORMAT = dwarf;
				ENABLE_STRICT_OBJC_MSGSEND = YES;
				ENABLE_TESTABILITY = YES;
				GCC_C_LANGUAGE_STANDARD = gnu11;
				GCC_DYNAMIC_NO_PIC = NO;
				GCC_NO_COMMON_BLOCKS = YES;
				GCC_OPTIMIZATION_LEVEL = 0;
				GCC_PREPROCESSOR_DEFINITIONS = (
					"DEBUG=1",
					"$(inherited)",
				);
				GCC_WARN_64_TO_32_BIT_CONVERSION = YES;
				GCC_WARN_ABOUT_RETURN_TYPE = YES_ERROR;
				GCC_WARN_UNDECLARED_SELECTOR = YES;
				GCC_WARN_UNINITIALIZED_AUTOS = YES_AGGRESSIVE;
				GCC_WARN_UNUSED_FUNCTION = YES;
				GCC_WARN_UNUSED_VARIABLE = YES;
				IPHONEOS_DEPLOYMENT_TARGET = 11.4;
				MTL_ENABLE_DEBUG_INFO = YES;
				ONLY_ACTIVE_ARCH = YES;
				SDKROOT = iphoneos;
				SWIFT_ACTIVE_COMPILATION_CONDITIONS = DEBUG;
				SWIFT_OPTIMIZATION_LEVEL = "-Onone";
			};
			name = Debug;
		};
		613FAD7F22006BD3004E644E /* Release */ = {
			isa = XCBuildConfiguration;
			buildSettings = {
				ALWAYS_SEARCH_USER_PATHS = NO;
				CLANG_ANALYZER_NONNULL = YES;
				CLANG_ANALYZER_NUMBER_OBJECT_CONVERSION = YES_AGGRESSIVE;
				CLANG_CXX_LANGUAGE_STANDARD = "gnu++14";
				CLANG_CXX_LIBRARY = "libc++";
				CLANG_ENABLE_MODULES = YES;
				CLANG_ENABLE_OBJC_ARC = YES;
				CLANG_ENABLE_OBJC_WEAK = YES;
				CLANG_WARN_BLOCK_CAPTURE_AUTORELEASING = YES;
				CLANG_WARN_BOOL_CONVERSION = YES;
				CLANG_WARN_COMMA = YES;
				CLANG_WARN_CONSTANT_CONVERSION = YES;
				CLANG_WARN_DEPRECATED_OBJC_IMPLEMENTATIONS = YES;
				CLANG_WARN_DIRECT_OBJC_ISA_USAGE = YES_ERROR;
				CLANG_WARN_DOCUMENTATION_COMMENTS = YES;
				CLANG_WARN_EMPTY_BODY = YES;
				CLANG_WARN_ENUM_CONVERSION = YES;
				CLANG_WARN_INFINITE_RECURSION = YES;
				CLANG_WARN_INT_CONVERSION = YES;
				CLANG_WARN_NON_LITERAL_NULL_CONVERSION = YES;
				CLANG_WARN_OBJC_IMPLICIT_RETAIN_SELF = YES;
				CLANG_WARN_OBJC_LITERAL_CONVERSION = YES;
				CLANG_WARN_OBJC_ROOT_CLASS = YES_ERROR;
				CLANG_WARN_RANGE_LOOP_ANALYSIS = YES;
				CLANG_WARN_STRICT_PROTOTYPES = YES;
				CLANG_WARN_SUSPICIOUS_MOVE = YES;
				CLANG_WARN_UNGUARDED_AVAILABILITY = YES_AGGRESSIVE;
				CLANG_WARN_UNREACHABLE_CODE = YES;
				CLANG_WARN__DUPLICATE_METHOD_MATCH = YES;
				CODE_SIGN_IDENTITY = "iPhone Developer";
				COPY_PHASE_STRIP = NO;
				DEBUG_INFORMATION_FORMAT = "dwarf-with-dsym";
				ENABLE_NS_ASSERTIONS = NO;
				ENABLE_STRICT_OBJC_MSGSEND = YES;
				GCC_C_LANGUAGE_STANDARD = gnu11;
				GCC_NO_COMMON_BLOCKS = YES;
				GCC_WARN_64_TO_32_BIT_CONVERSION = YES;
				GCC_WARN_ABOUT_RETURN_TYPE = YES_ERROR;
				GCC_WARN_UNDECLARED_SELECTOR = YES;
				GCC_WARN_UNINITIALIZED_AUTOS = YES_AGGRESSIVE;
				GCC_WARN_UNUSED_FUNCTION = YES;
				GCC_WARN_UNUSED_VARIABLE = YES;
				IPHONEOS_DEPLOYMENT_TARGET = 11.4;
				MTL_ENABLE_DEBUG_INFO = NO;
				SDKROOT = iphoneos;
				SWIFT_COMPILATION_MODE = wholemodule;
				SWIFT_OPTIMIZATION_LEVEL = "-O";
				VALIDATE_PRODUCT = YES;
			};
			name = Release;
		};
		613FAD8122006BD3004E644E /* Debug */ = {
			isa = XCBuildConfiguration;
			baseConfigurationReference = 40DCB29AC692D9DAB52CBCFB /* Pods-supota.debug.xcconfig */;
			buildSettings = {
				ASSETCATALOG_COMPILER_APPICON_NAME = AppIcon;
				CODE_SIGN_STYLE = Automatic;
				DEVELOPMENT_TEAM = "";
				FRAMEWORK_SEARCH_PATHS = (
					"$(inherited)",
					"$(PROJECT_DIR)/Carthage/Build/iOS",
				);
				INFOPLIST_FILE = supota/Info.plist;
				IPHONEOS_DEPLOYMENT_TARGET = 11.0;
				LD_RUNPATH_SEARCH_PATHS = (
					"$(inherited)",
					"@executable_path/Frameworks",
				);
				PRODUCT_BUNDLE_IDENTIFIER = yanack1225.supota;
				PRODUCT_NAME = "$(TARGET_NAME)";
				SWIFT_VERSION = 4.0;
				TARGETED_DEVICE_FAMILY = "1,2";
			};
			name = Debug;
		};
		613FAD8222006BD3004E644E /* Release */ = {
			isa = XCBuildConfiguration;
			baseConfigurationReference = A1B49037E3023E6EE0106D68 /* Pods-supota.release.xcconfig */;
			buildSettings = {
				ASSETCATALOG_COMPILER_APPICON_NAME = AppIcon;
				CODE_SIGN_STYLE = Automatic;
				DEVELOPMENT_TEAM = "";
				FRAMEWORK_SEARCH_PATHS = (
					"$(inherited)",
					"$(PROJECT_DIR)/Carthage/Build/iOS",
				);
				INFOPLIST_FILE = supota/Info.plist;
				IPHONEOS_DEPLOYMENT_TARGET = 11.0;
				LD_RUNPATH_SEARCH_PATHS = (
					"$(inherited)",
					"@executable_path/Frameworks",
				);
				PRODUCT_BUNDLE_IDENTIFIER = yanack1225.supota;
				PRODUCT_NAME = "$(TARGET_NAME)";
				SWIFT_VERSION = 4.0;
				TARGETED_DEVICE_FAMILY = "1,2";
			};
			name = Release;
		};
		613FAD8422006BD3004E644E /* Debug */ = {
			isa = XCBuildConfiguration;
			baseConfigurationReference = 6370DCBAD7B289099F595B7C /* Pods-supotaTests.debug.xcconfig */;
			buildSettings = {
				ALWAYS_EMBED_SWIFT_STANDARD_LIBRARIES = YES;
				BUNDLE_LOADER = "$(TEST_HOST)";
				CODE_SIGN_STYLE = Automatic;
				DEVELOPMENT_TEAM = 63ZB8D54D9;
				INFOPLIST_FILE = supotaTests/Info.plist;
				LD_RUNPATH_SEARCH_PATHS = (
					"$(inherited)",
					"@executable_path/Frameworks",
					"@loader_path/Frameworks",
				);
				PRODUCT_BUNDLE_IDENTIFIER = yanack1225.supotaTests;
				PRODUCT_NAME = "$(TARGET_NAME)";
				SWIFT_VERSION = 4.0;
				TARGETED_DEVICE_FAMILY = "1,2";
				TEST_HOST = "$(BUILT_PRODUCTS_DIR)/supota.app/supota";
			};
			name = Debug;
		};
		613FAD8522006BD3004E644E /* Release */ = {
			isa = XCBuildConfiguration;
			baseConfigurationReference = E99FA008561C5033F31D1F64 /* Pods-supotaTests.release.xcconfig */;
			buildSettings = {
				ALWAYS_EMBED_SWIFT_STANDARD_LIBRARIES = YES;
				BUNDLE_LOADER = "$(TEST_HOST)";
				CODE_SIGN_STYLE = Automatic;
				DEVELOPMENT_TEAM = 63ZB8D54D9;
				INFOPLIST_FILE = supotaTests/Info.plist;
				LD_RUNPATH_SEARCH_PATHS = (
					"$(inherited)",
					"@executable_path/Frameworks",
					"@loader_path/Frameworks",
				);
				PRODUCT_BUNDLE_IDENTIFIER = yanack1225.supotaTests;
				PRODUCT_NAME = "$(TARGET_NAME)";
				SWIFT_VERSION = 4.0;
				TARGETED_DEVICE_FAMILY = "1,2";
				TEST_HOST = "$(BUILT_PRODUCTS_DIR)/supota.app/supota";
			};
			name = Release;
		};
		613FAD8722006BD3004E644E /* Debug */ = {
			isa = XCBuildConfiguration;
			baseConfigurationReference = A52A711B9A2A4DB7EBC893F7 /* Pods-supotaUITests.debug.xcconfig */;
			buildSettings = {
				ALWAYS_EMBED_SWIFT_STANDARD_LIBRARIES = YES;
				CODE_SIGN_STYLE = Automatic;
				DEVELOPMENT_TEAM = 63ZB8D54D9;
				INFOPLIST_FILE = supotaUITests/Info.plist;
				LD_RUNPATH_SEARCH_PATHS = (
					"$(inherited)",
					"@executable_path/Frameworks",
					"@loader_path/Frameworks",
				);
				PRODUCT_BUNDLE_IDENTIFIER = yanack1225.supotaUITests;
				PRODUCT_NAME = "$(TARGET_NAME)";
				SWIFT_VERSION = 4.0;
				TARGETED_DEVICE_FAMILY = "1,2";
				TEST_TARGET_NAME = supota;
			};
			name = Debug;
		};
		613FAD8822006BD3004E644E /* Release */ = {
			isa = XCBuildConfiguration;
			baseConfigurationReference = D4E8A973F4E4B2AC33049A16 /* Pods-supotaUITests.release.xcconfig */;
			buildSettings = {
				ALWAYS_EMBED_SWIFT_STANDARD_LIBRARIES = YES;
				CODE_SIGN_STYLE = Automatic;
				DEVELOPMENT_TEAM = 63ZB8D54D9;
				INFOPLIST_FILE = supotaUITests/Info.plist;
				LD_RUNPATH_SEARCH_PATHS = (
					"$(inherited)",
					"@executable_path/Frameworks",
					"@loader_path/Frameworks",
				);
				PRODUCT_BUNDLE_IDENTIFIER = yanack1225.supotaUITests;
				PRODUCT_NAME = "$(TARGET_NAME)";
				SWIFT_VERSION = 4.0;
				TARGETED_DEVICE_FAMILY = "1,2";
				TEST_TARGET_NAME = supota;
			};
			name = Release;
		};
/* End XCBuildConfiguration section */

/* Begin XCConfigurationList section */
		613FAD5322006BD0004E644E /* Build configuration list for PBXProject "supota" */ = {
			isa = XCConfigurationList;
			buildConfigurations = (
				613FAD7E22006BD3004E644E /* Debug */,
				613FAD7F22006BD3004E644E /* Release */,
			);
			defaultConfigurationIsVisible = 0;
			defaultConfigurationName = Release;
		};
		613FAD8022006BD3004E644E /* Build configuration list for PBXNativeTarget "supota" */ = {
			isa = XCConfigurationList;
			buildConfigurations = (
				613FAD8122006BD3004E644E /* Debug */,
				613FAD8222006BD3004E644E /* Release */,
			);
			defaultConfigurationIsVisible = 0;
			defaultConfigurationName = Release;
		};
		613FAD8322006BD3004E644E /* Build configuration list for PBXNativeTarget "supotaTests" */ = {
			isa = XCConfigurationList;
			buildConfigurations = (
				613FAD8422006BD3004E644E /* Debug */,
				613FAD8522006BD3004E644E /* Release */,
			);
			defaultConfigurationIsVisible = 0;
			defaultConfigurationName = Release;
		};
		613FAD8622006BD3004E644E /* Build configuration list for PBXNativeTarget "supotaUITests" */ = {
			isa = XCConfigurationList;
			buildConfigurations = (
				613FAD8722006BD3004E644E /* Debug */,
				613FAD8822006BD3004E644E /* Release */,
			);
			defaultConfigurationIsVisible = 0;
			defaultConfigurationName = Release;
		};
/* End XCConfigurationList section */
	};
	rootObject = 613FAD5022006BD0004E644E /* Project object */;
}
